{
  "name": "taskmasterweb",
  "version": "1.0.0",
  "lockfileVersion": 3,
  "requires": true,
  "packages": {
    "": {
      "name": "taskmasterweb",
      "version": "1.0.0",
      "license": "ISC",
      "dependencies": {
        "@toast-ui/editor": "^3.1.0",
        "playwright": "^1.55.0"
      },
      "devDependencies": {
        "@playwright/test": "^1.55.0"
      }
    },
    "node_modules/@playwright/test": {
      "version": "1.55.0",
      "resolved": "https://registry.npmjs.org/@playwright/test/-/test-1.55.0.tgz",
      "integrity": "sha512-04IXzPwHrW69XusN/SIdDdKZBzMfOT9UNT/YiJit/xpy2VuAoB8NHc8Aplb96zsWDddLnbkPL3TsmrS04ZU2xQ==",
      "dev": true,
      "license": "Apache-2.0",
      "dependencies": {
        "playwright": "1.55.0"
      },
      "bin": {
        "playwright": "cli.js"
      },
      "engines": {
        "node": ">=18"
      }
    },
    "node_modules/@toast-ui/editor": {
      "version": "3.2.2",
      "resolved": "https://registry.npmjs.org/@toast-ui/editor/-/editor-3.2.2.tgz",
      "integrity": "sha512-ASX7LFjN2ZYQJrwmkUajPs7DRr9FsM1+RQ82CfTO0Y5ZXorBk1VZS4C2Dpxinx9kl55V4F8/A2h2QF4QMDtRbA==",
      "license": "MIT",
      "dependencies": {
        "dompurify": "^2.3.3",
        "prosemirror-commands": "^1.1.9",
        "prosemirror-history": "^1.1.3",
        "prosemirror-inputrules": "^1.1.3",
        "prosemirror-keymap": "^1.1.4",
        "prosemirror-model": "^1.14.1",
        "prosemirror-state": "^1.3.4",
        "prosemirror-view": "^1.18.7"
      }
    },
    "node_modules/dompurify": {
      "version": "2.5.8",
      "resolved": "https://registry.npmjs.org/dompurify/-/dompurify-2.5.8.tgz",
      "integrity": "sha512-o1vSNgrmYMQObbSSvF/1brBYEQPHhV1+gsmrusO7/GXtp1T9rCS8cXFqVxK/9crT1jA6Ccv+5MTSjBNqr7Sovw==",
      "license": "(MPL-2.0 OR Apache-2.0)"
    },
    "node_modules/fsevents": {
      "version": "2.3.2",
      "resolved": "https://registry.npmjs.org/fsevents/-/fsevents-2.3.2.tgz",
      "integrity": "sha512-xiqMQR4xAeHTuB9uWm+fFRcIOgKBMiOBP+eXiyT7jsgVCq1bkVygt00oASowB7EdtpOHaaPgKt812P9ab+DDKA==",
      "hasInstallScript": true,
      "license": "MIT",
      "optional": true,
      "os": [
        "darwin"
      ],
      "engines": {
        "node": "^8.16.0 || ^10.6.0 || >=11.0.0"
      }
    },
    "node_modules/orderedmap": {
      "version": "2.1.1",
      "resolved": "https://registry.npmjs.org/orderedmap/-/orderedmap-2.1.1.tgz",
      "integrity": "sha512-TvAWxi0nDe1j/rtMcWcIj94+Ffe6n7zhow33h40SKxmsmozs6dz/e+EajymfoFcHd7sxNn8yHM8839uixMOV6g==",
      "license": "MIT"
    },
    "node_modules/playwright": {
      "version": "1.55.0",
      "resolved": "https://registry.npmjs.org/playwright/-/playwright-1.55.0.tgz",
      "integrity": "sha512-sdCWStblvV1YU909Xqx0DhOjPZE4/5lJsIS84IfN9dAZfcl/CIZ5O8l3o0j7hPMjDvqoTF8ZUcc+i/GL5erstA==",
      "license": "Apache-2.0",
      "dependencies": {
        "playwright-core": "1.55.0"
      },
      "bin": {
        "playwright": "cli.js"
      },
      "engines": {
        "node": ">=18"
      },
      "optionalDependencies": {
        "fsevents": "2.3.2"
      }
    },
    "node_modules/playwright-core": {
      "version": "1.55.0",
      "resolved": "https://registry.npmjs.org/playwright-core/-/playwright-core-1.55.0.tgz",
      "integrity": "sha512-GvZs4vU3U5ro2nZpeiwyb0zuFaqb9sUiAJuyrWpcGouD8y9/HLgGbNRjIph7zU9D3hnPaisMl9zG9CgFi/biIg==",
      "license": "Apache-2.0",
      "bin": {
        "playwright-core": "cli.js"
      },
      "engines": {
        "node": ">=18"
      }
    },
    "node_modules/prosemirror-commands": {
      "version": "1.7.1",
      "resolved": "https://registry.npmjs.org/prosemirror-commands/-/prosemirror-commands-1.7.1.tgz",
      "integrity": "sha512-rT7qZnQtx5c0/y/KlYaGvtG411S97UaL6gdp6RIZ23DLHanMYLyfGBV5DtSnZdthQql7W+lEVbpSfwtO8T+L2w==",
      "license": "MIT",
      "dependencies": {
        "prosemirror-model": "^1.0.0",
        "prosemirror-state": "^1.0.0",
        "prosemirror-transform": "^1.10.2"
      }
    },
    "node_modules/prosemirror-history": {
      "version": "1.4.1",
      "resolved": "https://registry.npmjs.org/prosemirror-history/-/prosemirror-history-1.4.1.tgz",
      "integrity": "sha512-2JZD8z2JviJrboD9cPuX/Sv/1ChFng+xh2tChQ2X4bB2HeK+rra/bmJ3xGntCcjhOqIzSDG6Id7e8RJ9QPXLEQ==",
      "license": "MIT",
      "dependencies": {
        "prosemirror-state": "^1.2.2",
        "prosemirror-transform": "^1.0.0",
        "prosemirror-view": "^1.31.0",
        "rope-sequence": "^1.3.0"
      }
    },
    "node_modules/prosemirror-inputrules": {
      "version": "1.5.0",
      "resolved": "https://registry.npmjs.org/prosemirror-inputrules/-/prosemirror-inputrules-1.5.0.tgz",
      "integrity": "sha512-K0xJRCmt+uSw7xesnHmcn72yBGTbY45vm8gXI4LZXbx2Z0jwh5aF9xrGQgrVPu0WbyFVFF3E/o9VhJYz6SQWnA==",
      "license": "MIT",
      "dependencies": {
        "prosemirror-state": "^1.0.0",
        "prosemirror-transform": "^1.0.0"
      }
    },
    "node_modules/prosemirror-keymap": {
      "version": "1.2.3",
      "resolved": "https://registry.npmjs.org/prosemirror-keymap/-/prosemirror-keymap-1.2.3.tgz",
      "integrity": "sha512-4HucRlpiLd1IPQQXNqeo81BGtkY8Ai5smHhKW9jjPKRc2wQIxksg7Hl1tTI2IfT2B/LgX6bfYvXxEpJl7aKYKw==",
      "license": "MIT",
      "dependencies": {
        "prosemirror-state": "^1.0.0",
        "w3c-keyname": "^2.2.0"
      }
    },
    "node_modules/prosemirror-model": {
      "version": "1.25.3",
      "resolved": "https://registry.npmjs.org/prosemirror-model/-/prosemirror-model-1.25.3.tgz",
      "integrity": "sha512-dY2HdaNXlARknJbrManZ1WyUtos+AP97AmvqdOQtWtrrC5g4mohVX5DTi9rXNFSk09eczLq9GuNTtq3EfMeMGA==",
      "license": "MIT",
      "dependencies": {
        "orderedmap": "^2.0.0"
      }
    },
    "node_modules/prosemirror-state": {
      "version": "1.4.3",
      "resolved": "https://registry.npmjs.org/prosemirror-state/-/prosemirror-state-1.4.3.tgz",
      "integrity": "sha512-goFKORVbvPuAQaXhpbemJFRKJ2aixr+AZMGiquiqKxaucC6hlpHNZHWgz5R7dS4roHiwq9vDctE//CZ++o0W1Q==",
      "license": "MIT",
      "dependencies": {
        "prosemirror-model": "^1.0.0",
        "prosemirror-transform": "^1.0.0",
        "prosemirror-view": "^1.27.0"
      }
    },
    "node_modules/prosemirror-transform": {
      "version": "1.10.4",
      "resolved": "https://registry.npmjs.org/prosemirror-transform/-/prosemirror-transform-1.10.4.tgz",
      "integrity": "sha512-pwDy22nAnGqNR1feOQKHxoFkkUtepoFAd3r2hbEDsnf4wp57kKA36hXsB3njA9FtONBEwSDnDeCiJe+ItD+ykw==",
      "license": "MIT",
      "dependencies": {
        "prosemirror-model": "^1.21.0"
      }
    },
    "node_modules/prosemirror-view": {
      "version": "1.40.1",
      "resolved": "https://registry.npmjs.org/prosemirror-view/-/prosemirror-view-1.40.1.tgz",
      "integrity": "sha512-pbwUjt3G7TlsQQHDiYSupWBhJswpLVB09xXm1YiJPdkjkh9Pe7Y51XdLh5VWIZmROLY8UpUpG03lkdhm9lzIBA==",
      "license": "MIT",
      "dependencies": {
        "prosemirror-model": "^1.20.0",
        "prosemirror-state": "^1.0.0",
        "prosemirror-transform": "^1.1.0"
      }
    },
    "node_modules/rope-sequence": {
      "version": "1.3.4",
      "resolved": "https://registry.npmjs.org/rope-sequence/-/rope-sequence-1.3.4.tgz",
      "integrity": "sha512-UT5EDe2cu2E/6O4igUr5PSFs23nvvukicWHx6GnOPlHAiiYbzNuCRQCuiUdHJQcqKalLKlrYJnjY0ySGsXNQXQ==",
      "license": "MIT"
    },
    "node_modules/w3c-keyname": {
      "version": "2.2.8",
      "resolved": "https://registry.npmjs.org/w3c-keyname/-/w3c-keyname-2.2.8.tgz",
      "integrity": "sha512-dpojBhNsCNN7T82Tm7k26A6G9ML3NkhDsnw9n/eoxSRlVBB4CEtIQ/KTCLI2Fwf3ataSXRhYFkQi3SlnFwPvPQ==",
      "license": "MIT"
    }
  }
}
